
Microsoft Visual Studio Solution File, Format Version 12.00
# Visual Studio 15
VisualStudioVersion = 15.0.26730.12
MinimumVisualStudioVersion = 10.0.40219.1
Project("{FAE04EC0-301F-11D3-BF4B-00C04F79EFBC}") = "SampleCoding.DAL", "SampleCoding.DAL\SampleCoding.DAL.csproj", "{1150A97F-F658-4AB6-9A90-EF22EB69D2FD}"
EndProject
Project("{FAE04EC0-301F-11D3-BF4B-00C04F79EFBC}") = "SampleCoding.API", "SampleCoding.API\SampleCoding.API.csproj", "{BD376972-1003-49DA-9035-071CD46F4F8C}"
EndProject
Project("{FAE04EC0-301F-11D3-BF4B-00C04F79EFBC}") = "SampleCoding.UI", "SampleCoding.UI\SampleCoding.UI.csproj", "{3C7032BC-FD16-440E-9B99-933E805C37AB}"
EndProject
Global
	GlobalSection(SolutionConfigurationPlatforms) = preSolution
		Debug|Any CPU = Debug|Any CPU
		Release|Any CPU = Release|Any CPU
	EndGlobalSection
	GlobalSection(ProjectConfigurationPlatforms) = postSolution
		{1150A97F-F658-4AB6-9A90-EF22EB69D2FD}.Debug|Any CPU.ActiveCfg = Debug|Any CPU
		{1150A97F-F658-4AB6-9A90-EF22EB69D2FD}.Debug|Any CPU.Build.0 = Debug|Any CPU
		{1150A97F-F658-4AB6-9A90-EF22EB69D2FD}.Release|Any CPU.ActiveCfg = Release|Any CPU
		{1150A97F-F658-4AB6-9A90-EF22EB69D2FD}.Release|Any CPU.Build.0 = Release|Any CPU
		{BD376972-1003-49DA-9035-071CD46F4F8C}.Debug|Any CPU.ActiveCfg = Debug|Any CPU
		{BD376972-1003-49DA-9035-071CD46F4F8C}.Debug|Any CPU.Build.0 = Debug|Any CPU
		{BD376972-1003-49DA-9035-071CD46F4F8C}.Release|Any CPU.ActiveCfg = Release|Any CPU
		{BD376972-1003-49DA-9035-071CD46F4F8C}.Release|Any CPU.Build.0 = Release|Any CPU
		{3C7032BC-FD16-440E-9B99-933E805C37AB}.Debug|Any CPU.ActiveCfg = Debug|Any CPU
		{3C7032BC-FD16-440E-9B99-933E805C37AB}.Debug|Any CPU.Build.0 = Debug|Any CPU
		{3C7032BC-FD16-440E-9B99-933E805C37AB}.Release|Any CPU.ActiveCfg = Release|Any CPU
		{3C7032BC-FD16-440E-9B99-933E805C37AB}.Release|Any CPU.Build.0 = Release|Any CPU
	EndGlobalSection
	GlobalSection(SolutionProperties) = preSolution
		HideSolutionNode = FALSE
	EndGlobalSection
	GlobalSection(ExtensibilityGlobals) = postSolution
		SolutionGuid = {AE1DAA2F-C306-471C-A632-B39D7E977308}
	EndGlobalSection
EndGlobal
